
Microsoft Visual Studio Solution File, Format Version 12.00
# Visual Studio 15
VisualStudioVersion = 15.0.28307.572
MinimumVisualStudioVersion = 10.0.40219.1
Project("{8BC9CEB8-8B4A-11D0-8D11-00A0C91BC942}") = "AbstractFactory", "AbstractFactory\AbstractFactory.vcxproj", "{1125E02E-825B-4CED-8F84-A704E44F4AEC}"
EndProject
Project("{8BC9CEB8-8B4A-11D0-8D11-00A0C91BC942}") = "Adapter", "Adapter\Adapter.vcxproj", "{79BFE4CC-5169-405A-B470-9814E5A514AA}"
EndProject
Project("{8BC9CEB8-8B4A-11D0-8D11-00A0C91BC942}") = "Bridge", "Bridge\Bridge.vcxproj", "{9A55EC66-66FF-4617-AB71-C4C8C4F34EBD}"
EndProject
Project("{8BC9CEB8-8B4A-11D0-8D11-00A0C91BC942}") = "Builder", "Builder\Builder.vcxproj", "{6B7052B9-61D9-49BC-BD55-31A788BF4FA6}"
EndProject
Project("{8BC9CEB8-8B4A-11D0-8D11-00A0C91BC942}") = "Factory", "Factory\Factory.vcxproj", "{6B0EE1E6-9B28-4545-B57F-82C126DD3098}"
EndProject
Project("{8BC9CEB8-8B4A-11D0-8D11-00A0C91BC942}") = "Prototype", "Prototype\Prototype.vcxproj", "{CDE8DE5F-6AA1-46AC-8037-65238E837AD5}"
EndProject
Project("{8BC9CEB8-8B4A-11D0-8D11-00A0C91BC942}") = "Singleton", "Singleton\Singleton.vcxproj", "{EAF94F99-9D4C-4F3D-A503-342A1702AA06}"
EndProject
Project("{8BC9CEB8-8B4A-11D0-8D11-00A0C91BC942}") = "Decorator", "Decorator\Decorator.vcxproj", "{1E34E3FC-D625-4168-8661-50D60FEBDCC8}"
EndProject
Project("{8BC9CEB8-8B4A-11D0-8D11-00A0C91BC942}") = "Composite", "Composite\Composite.vcxproj", "{B632797A-E104-43CA-A39A-9AEDF5E4995B}"
EndProject
Project("{8BC9CEB8-8B4A-11D0-8D11-00A0C91BC942}") = "Flyweight", "Flyweight\Flyweight.vcxproj", "{02F8FBBC-E343-413C-A749-92818DECBD8C}"
EndProject
Project("{8BC9CEB8-8B4A-11D0-8D11-00A0C91BC942}") = "Facade", "Facade\Facade.vcxproj", "{0228D11B-CC67-441A-B2B5-B3CEFAF5078B}"
EndProject
Project("{8BC9CEB8-8B4A-11D0-8D11-00A0C91BC942}") = "Proxy", "Proxy\Proxy.vcxproj", "{22C7F415-AC6D-4CCB-88CD-7E7123181D40}"
EndProject
Project("{8BC9CEB8-8B4A-11D0-8D11-00A0C91BC942}") = "Template", "Template\Template.vcxproj", "{6B7FBA8E-91ED-4125-8087-7BA8E00EE8AB}"
EndProject
Project("{8BC9CEB8-8B4A-11D0-8D11-00A0C91BC942}") = "Strategy", "Strategy\Strategy.vcxproj", "{D7986FA0-438B-4E7E-A118-F327970C63CF}"
EndProject
Project("{8BC9CEB8-8B4A-11D0-8D11-00A0C91BC942}") = "State", "State\State.vcxproj", "{CC04490F-A11F-40F9-B142-55BC7C00676F}"
EndProject
Project("{8BC9CEB8-8B4A-11D0-8D11-00A0C91BC942}") = "Observer", "Observer\Observer.vcxproj", "{3ABBF47D-CD86-4A2F-9F08-986E58AF8740}"
EndProject
Project("{8BC9CEB8-8B4A-11D0-8D11-00A0C91BC942}") = "Memento", "Memento\Memento.vcxproj", "{E9DCE7C3-1A0D-4A1C-83AD-BF77C0EC5AD6}"
EndProject
Project("{8BC9CEB8-8B4A-11D0-8D11-00A0C91BC942}") = "Mediator", "Mediator\Mediator.vcxproj", "{11F9F37F-EE92-4A65-9409-95C9DD998D27}"
EndProject
Project("{8BC9CEB8-8B4A-11D0-8D11-00A0C91BC942}") = "Command", "Reciever.h\Reciever.h.vcxproj", "{6D6CC545-1813-4011-BCF2-16C92F602579}"
EndProject
Project("{8BC9CEB8-8B4A-11D0-8D11-00A0C91BC942}") = "Visitor", "Visitor\Visitor.vcxproj", "{A93DB1CD-B281-4718-BE9E-1D8E6D44CD61}"
EndProject
Project("{8BC9CEB8-8B4A-11D0-8D11-00A0C91BC942}") = "ChainofResponsibility", "ChainofResponsibility\ChainofResponsibility.vcxproj", "{56C84519-21B9-4879-921D-F33DD7510D35}"
EndProject
Project("{8BC9CEB8-8B4A-11D0-8D11-00A0C91BC942}") = "Iterator", "Iterator\Iterator.vcxproj", "{CE190C88-8E33-424D-B64F-76DDCD920338}"
EndProject
Global
	GlobalSection(SolutionConfigurationPlatforms) = preSolution
		Debug|x64 = Debug|x64
		Debug|x86 = Debug|x86
		Release|x64 = Release|x64
		Release|x86 = Release|x86
	EndGlobalSection
	GlobalSection(ProjectConfigurationPlatforms) = postSolution
		{1125E02E-825B-4CED-8F84-A704E44F4AEC}.Debug|x64.ActiveCfg = Debug|x64
		{1125E02E-825B-4CED-8F84-A704E44F4AEC}.Debug|x64.Build.0 = Debug|x64
		{1125E02E-825B-4CED-8F84-A704E44F4AEC}.Debug|x86.ActiveCfg = Debug|Win32
		{1125E02E-825B-4CED-8F84-A704E44F4AEC}.Debug|x86.Build.0 = Debug|Win32
		{1125E02E-825B-4CED-8F84-A704E44F4AEC}.Release|x64.ActiveCfg = Release|x64
		{1125E02E-825B-4CED-8F84-A704E44F4AEC}.Release|x64.Build.0 = Release|x64
		{1125E02E-825B-4CED-8F84-A704E44F4AEC}.Release|x86.ActiveCfg = Release|Win32
		{1125E02E-825B-4CED-8F84-A704E44F4AEC}.Release|x86.Build.0 = Release|Win32
		{79BFE4CC-5169-405A-B470-9814E5A514AA}.Debug|x64.ActiveCfg = Debug|x64
		{79BFE4CC-5169-405A-B470-9814E5A514AA}.Debug|x64.Build.0 = Debug|x64
		{79BFE4CC-5169-405A-B470-9814E5A514AA}.Debug|x86.ActiveCfg = Debug|Win32
		{79BFE4CC-5169-405A-B470-9814E5A514AA}.Debug|x86.Build.0 = Debug|Win32
		{79BFE4CC-5169-405A-B470-9814E5A514AA}.Release|x64.ActiveCfg = Release|x64
		{79BFE4CC-5169-405A-B470-9814E5A514AA}.Release|x64.Build.0 = Release|x64
		{79BFE4CC-5169-405A-B470-9814E5A514AA}.Release|x86.ActiveCfg = Release|Win32
		{79BFE4CC-5169-405A-B470-9814E5A514AA}.Release|x86.Build.0 = Release|Win32
		{9A55EC66-66FF-4617-AB71-C4C8C4F34EBD}.Debug|x64.ActiveCfg = Debug|x64
		{9A55EC66-66FF-4617-AB71-C4C8C4F34EBD}.Debug|x64.Build.0 = Debug|x64
		{9A55EC66-66FF-4617-AB71-C4C8C4F34EBD}.Debug|x86.ActiveCfg = Debug|Win32
		{9A55EC66-66FF-4617-AB71-C4C8C4F34EBD}.Debug|x86.Build.0 = Debug|Win32
		{9A55EC66-66FF-4617-AB71-C4C8C4F34EBD}.Release|x64.ActiveCfg = Release|x64
		{9A55EC66-66FF-4617-AB71-C4C8C4F34EBD}.Release|x64.Build.0 = Release|x64
		{9A55EC66-66FF-4617-AB71-C4C8C4F34EBD}.Release|x86.ActiveCfg = Release|Win32
		{9A55EC66-66FF-4617-AB71-C4C8C4F34EBD}.Release|x86.Build.0 = Release|Win32
		{6B7052B9-61D9-49BC-BD55-31A788BF4FA6}.Debug|x64.ActiveCfg = Debug|x64
		{6B7052B9-61D9-49BC-BD55-31A788BF4FA6}.Debug|x64.Build.0 = Debug|x64
		{6B7052B9-61D9-49BC-BD55-31A788BF4FA6}.Debug|x86.ActiveCfg = Debug|Win32
		{6B7052B9-61D9-49BC-BD55-31A788BF4FA6}.Debug|x86.Build.0 = Debug|Win32
		{6B7052B9-61D9-49BC-BD55-31A788BF4FA6}.Release|x64.ActiveCfg = Release|x64
		{6B7052B9-61D9-49BC-BD55-31A788BF4FA6}.Release|x64.Build.0 = Release|x64
		{6B7052B9-61D9-49BC-BD55-31A788BF4FA6}.Release|x86.ActiveCfg = Release|Win32
		{6B7052B9-61D9-49BC-BD55-31A788BF4FA6}.Release|x86.Build.0 = Release|Win32
		{6B0EE1E6-9B28-4545-B57F-82C126DD3098}.Debug|x64.ActiveCfg = Debug|x64
		{6B0EE1E6-9B28-4545-B57F-82C126DD3098}.Debug|x64.Build.0 = Debug|x64
		{6B0EE1E6-9B28-4545-B57F-82C126DD3098}.Debug|x86.ActiveCfg = Debug|Win32
		{6B0EE1E6-9B28-4545-B57F-82C126DD3098}.Debug|x86.Build.0 = Debug|Win32
		{6B0EE1E6-9B28-4545-B57F-82C126DD3098}.Release|x64.ActiveCfg = Release|x64
		{6B0EE1E6-9B28-4545-B57F-82C126DD3098}.Release|x64.Build.0 = Release|x64
		{6B0EE1E6-9B28-4545-B57F-82C126DD3098}.Release|x86.ActiveCfg = Release|Win32
		{6B0EE1E6-9B28-4545-B57F-82C126DD3098}.Release|x86.Build.0 = Release|Win32
		{CDE8DE5F-6AA1-46AC-8037-65238E837AD5}.Debug|x64.ActiveCfg = Debug|x64
		{CDE8DE5F-6AA1-46AC-8037-65238E837AD5}.Debug|x64.Build.0 = Debug|x64
		{CDE8DE5F-6AA1-46AC-8037-65238E837AD5}.Debug|x86.ActiveCfg = Debug|Win32
		{CDE8DE5F-6AA1-46AC-8037-65238E837AD5}.Debug|x86.Build.0 = Debug|Win32
		{CDE8DE5F-6AA1-46AC-8037-65238E837AD5}.Release|x64.ActiveCfg = Release|x64
		{CDE8DE5F-6AA1-46AC-8037-65238E837AD5}.Release|x64.Build.0 = Release|x64
		{CDE8DE5F-6AA1-46AC-8037-65238E837AD5}.Release|x86.ActiveCfg = Release|Win32
		{CDE8DE5F-6AA1-46AC-8037-65238E837AD5}.Release|x86.Build.0 = Release|Win32
		{EAF94F99-9D4C-4F3D-A503-342A1702AA06}.Debug|x64.ActiveCfg = Debug|x64
		{EAF94F99-9D4C-4F3D-A503-342A1702AA06}.Debug|x64.Build.0 = Debug|x64
		{EAF94F99-9D4C-4F3D-A503-342A1702AA06}.Debug|x86.ActiveCfg = Debug|Win32
		{EAF94F99-9D4C-4F3D-A503-342A1702AA06}.Debug|x86.Build.0 = Debug|Win32
		{EAF94F99-9D4C-4F3D-A503-342A1702AA06}.Release|x64.ActiveCfg = Release|x64
		{EAF94F99-9D4C-4F3D-A503-342A1702AA06}.Release|x64.Build.0 = Release|x64
		{EAF94F99-9D4C-4F3D-A503-342A1702AA06}.Release|x86.ActiveCfg = Release|Win32
		{EAF94F99-9D4C-4F3D-A503-342A1702AA06}.Release|x86.Build.0 = Release|Win32
		{1E34E3FC-D625-4168-8661-50D60FEBDCC8}.Debug|x64.ActiveCfg = Debug|x64
		{1E34E3FC-D625-4168-8661-50D60FEBDCC8}.Debug|x64.Build.0 = Debug|x64
		{1E34E3FC-D625-4168-8661-50D60FEBDCC8}.Debug|x86.ActiveCfg = Debug|Win32
		{1E34E3FC-D625-4168-8661-50D60FEBDCC8}.Debug|x86.Build.0 = Debug|Win32
		{1E34E3FC-D625-4168-8661-50D60FEBDCC8}.Release|x64.ActiveCfg = Release|x64
		{1E34E3FC-D625-4168-8661-50D60FEBDCC8}.Release|x64.Build.0 = Release|x64
		{1E34E3FC-D625-4168-8661-50D60FEBDCC8}.Release|x86.ActiveCfg = Release|Win32
		{1E34E3FC-D625-4168-8661-50D60FEBDCC8}.Release|x86.Build.0 = Release|Win32
		{B632797A-E104-43CA-A39A-9AEDF5E4995B}.Debug|x64.ActiveCfg = Debug|x64
		{B632797A-E104-43CA-A39A-9AEDF5E4995B}.Debug|x64.Build.0 = Debug|x64
		{B632797A-E104-43CA-A39A-9AEDF5E4995B}.Debug|x86.ActiveCfg = Debug|Win32
		{B632797A-E104-43CA-A39A-9AEDF5E4995B}.Debug|x86.Build.0 = Debug|Win32
		{B632797A-E104-43CA-A39A-9AEDF5E4995B}.Release|x64.ActiveCfg = Release|x64
		{B632797A-E104-43CA-A39A-9AEDF5E4995B}.Release|x64.Build.0 = Release|x64
		{B632797A-E104-43CA-A39A-9AEDF5E4995B}.Release|x86.ActiveCfg = Release|Win32
		{B632797A-E104-43CA-A39A-9AEDF5E4995B}.Release|x86.Build.0 = Release|Win32
		{02F8FBBC-E343-413C-A749-92818DECBD8C}.Debug|x64.ActiveCfg = Debug|x64
		{02F8FBBC-E343-413C-A749-92818DECBD8C}.Debug|x64.Build.0 = Debug|x64
		{02F8FBBC-E343-413C-A749-92818DECBD8C}.Debug|x86.ActiveCfg = Debug|Win32
		{02F8FBBC-E343-413C-A749-92818DECBD8C}.Debug|x86.Build.0 = Debug|Win32
		{02F8FBBC-E343-413C-A749-92818DECBD8C}.Release|x64.ActiveCfg = Release|x64
		{02F8FBBC-E343-413C-A749-92818DECBD8C}.Release|x64.Build.0 = Release|x64
		{02F8FBBC-E343-413C-A749-92818DECBD8C}.Release|x86.ActiveCfg = Release|Win32
		{02F8FBBC-E343-413C-A749-92818DECBD8C}.Release|x86.Build.0 = Release|Win32
		{0228D11B-CC67-441A-B2B5-B3CEFAF5078B}.Debug|x64.ActiveCfg = Debug|x64
		{0228D11B-CC67-441A-B2B5-B3CEFAF5078B}.Debug|x64.Build.0 = Debug|x64
		{0228D11B-CC67-441A-B2B5-B3CEFAF5078B}.Debug|x86.ActiveCfg = Debug|Win32
		{0228D11B-CC67-441A-B2B5-B3CEFAF5078B}.Debug|x86.Build.0 = Debug|Win32
		{0228D11B-CC67-441A-B2B5-B3CEFAF5078B}.Release|x64.ActiveCfg = Release|x64
		{0228D11B-CC67-441A-B2B5-B3CEFAF5078B}.Release|x64.Build.0 = Release|x64
		{0228D11B-CC67-441A-B2B5-B3CEFAF5078B}.Release|x86.ActiveCfg = Release|Win32
		{0228D11B-CC67-441A-B2B5-B3CEFAF5078B}.Release|x86.Build.0 = Release|Win32
		{22C7F415-AC6D-4CCB-88CD-7E7123181D40}.Debug|x64.ActiveCfg = Debug|x64
		{22C7F415-AC6D-4CCB-88CD-7E7123181D40}.Debug|x64.Build.0 = Debug|x64
		{22C7F415-AC6D-4CCB-88CD-7E7123181D40}.Debug|x86.ActiveCfg = Debug|Win32
		{22C7F415-AC6D-4CCB-88CD-7E7123181D40}.Debug|x86.Build.0 = Debug|Win32
		{22C7F415-AC6D-4CCB-88CD-7E7123181D40}.Release|x64.ActiveCfg = Release|x64
		{22C7F415-AC6D-4CCB-88CD-7E7123181D40}.Release|x64.Build.0 = Release|x64
		{22C7F415-AC6D-4CCB-88CD-7E7123181D40}.Release|x86.ActiveCfg = Release|Win32
		{22C7F415-AC6D-4CCB-88CD-7E7123181D40}.Release|x86.Build.0 = Release|Win32
		{6B7FBA8E-91ED-4125-8087-7BA8E00EE8AB}.Debug|x64.ActiveCfg = Debug|x64
		{6B7FBA8E-91ED-4125-8087-7BA8E00EE8AB}.Debug|x64.Build.0 = Debug|x64
		{6B7FBA8E-91ED-4125-8087-7BA8E00EE8AB}.Debug|x86.ActiveCfg = Debug|Win32
		{6B7FBA8E-91ED-4125-8087-7BA8E00EE8AB}.Debug|x86.Build.0 = Debug|Win32
		{6B7FBA8E-91ED-4125-8087-7BA8E00EE8AB}.Release|x64.ActiveCfg = Release|x64
		{6B7FBA8E-91ED-4125-8087-7BA8E00EE8AB}.Release|x64.Build.0 = Release|x64
		{6B7FBA8E-91ED-4125-8087-7BA8E00EE8AB}.Release|x86.ActiveCfg = Release|Win32
		{6B7FBA8E-91ED-4125-8087-7BA8E00EE8AB}.Release|x86.Build.0 = Release|Win32
		{D7986FA0-438B-4E7E-A118-F327970C63CF}.Debug|x64.ActiveCfg = Debug|x64
		{D7986FA0-438B-4E7E-A118-F327970C63CF}.Debug|x64.Build.0 = Debug|x64
		{D7986FA0-438B-4E7E-A118-F327970C63CF}.Debug|x86.ActiveCfg = Debug|Win32
		{D7986FA0-438B-4E7E-A118-F327970C63CF}.Debug|x86.Build.0 = Debug|Win32
		{D7986FA0-438B-4E7E-A118-F327970C63CF}.Release|x64.ActiveCfg = Release|x64
		{D7986FA0-438B-4E7E-A118-F327970C63CF}.Release|x64.Build.0 = Release|x64
		{D7986FA0-438B-4E7E-A118-F327970C63CF}.Release|x86.ActiveCfg = Release|Win32
		{D7986FA0-438B-4E7E-A118-F327970C63CF}.Release|x86.Build.0 = Release|Win32
		{CC04490F-A11F-40F9-B142-55BC7C00676F}.Debug|x64.ActiveCfg = Debug|x64
		{CC04490F-A11F-40F9-B142-55BC7C00676F}.Debug|x64.Build.0 = Debug|x64
		{CC04490F-A11F-40F9-B142-55BC7C00676F}.Debug|x86.ActiveCfg = Debug|Win32
		{CC04490F-A11F-40F9-B142-55BC7C00676F}.Debug|x86.Build.0 = Debug|Win32
		{CC04490F-A11F-40F9-B142-55BC7C00676F}.Release|x64.ActiveCfg = Release|x64
		{CC04490F-A11F-40F9-B142-55BC7C00676F}.Release|x64.Build.0 = Release|x64
		{CC04490F-A11F-40F9-B142-55BC7C00676F}.Release|x86.ActiveCfg = Release|Win32
		{CC04490F-A11F-40F9-B142-55BC7C00676F}.Release|x86.Build.0 = Release|Win32
		{3ABBF47D-CD86-4A2F-9F08-986E58AF8740}.Debug|x64.ActiveCfg = Debug|x64
		{3ABBF47D-CD86-4A2F-9F08-986E58AF8740}.Debug|x64.Build.0 = Debug|x64
		{3ABBF47D-CD86-4A2F-9F08-986E58AF8740}.Debug|x86.ActiveCfg = Debug|Win32
		{3ABBF47D-CD86-4A2F-9F08-986E58AF8740}.Debug|x86.Build.0 = Debug|Win32
		{3ABBF47D-CD86-4A2F-9F08-986E58AF8740}.Release|x64.ActiveCfg = Release|x64
		{3ABBF47D-CD86-4A2F-9F08-986E58AF8740}.Release|x64.Build.0 = Release|x64
		{3ABBF47D-CD86-4A2F-9F08-986E58AF8740}.Release|x86.ActiveCfg = Release|Win32
		{3ABBF47D-CD86-4A2F-9F08-986E58AF8740}.Release|x86.Build.0 = Release|Win32
		{E9DCE7C3-1A0D-4A1C-83AD-BF77C0EC5AD6}.Debug|x64.ActiveCfg = Debug|x64
		{E9DCE7C3-1A0D-4A1C-83AD-BF77C0EC5AD6}.Debug|x64.Build.0 = Debug|x64
		{E9DCE7C3-1A0D-4A1C-83AD-BF77C0EC5AD6}.Debug|x86.ActiveCfg = Debug|Win32
		{E9DCE7C3-1A0D-4A1C-83AD-BF77C0EC5AD6}.Debug|x86.Build.0 = Debug|Win32
		{E9DCE7C3-1A0D-4A1C-83AD-BF77C0EC5AD6}.Release|x64.ActiveCfg = Release|x64
		{E9DCE7C3-1A0D-4A1C-83AD-BF77C0EC5AD6}.Release|x64.Build.0 = Release|x64
		{E9DCE7C3-1A0D-4A1C-83AD-BF77C0EC5AD6}.Release|x86.ActiveCfg = Release|Win32
		{E9DCE7C3-1A0D-4A1C-83AD-BF77C0EC5AD6}.Release|x86.Build.0 = Release|Win32
		{11F9F37F-EE92-4A65-9409-95C9DD998D27}.Debug|x64.ActiveCfg = Debug|x64
		{11F9F37F-EE92-4A65-9409-95C9DD998D27}.Debug|x64.Build.0 = Debug|x64
		{11F9F37F-EE92-4A65-9409-95C9DD998D27}.Debug|x86.ActiveCfg = Debug|Win32
		{11F9F37F-EE92-4A65-9409-95C9DD998D27}.Debug|x86.Build.0 = Debug|Win32
		{11F9F37F-EE92-4A65-9409-95C9DD998D27}.Release|x64.ActiveCfg = Release|x64
		{11F9F37F-EE92-4A65-9409-95C9DD998D27}.Release|x64.Build.0 = Release|x64
		{11F9F37F-EE92-4A65-9409-95C9DD998D27}.Release|x86.ActiveCfg = Release|Win32
		{11F9F37F-EE92-4A65-9409-95C9DD998D27}.Release|x86.Build.0 = Release|Win32
		{6D6CC545-1813-4011-BCF2-16C92F602579}.Debug|x64.ActiveCfg = Debug|x64
		{6D6CC545-1813-4011-BCF2-16C92F602579}.Debug|x64.Build.0 = Debug|x64
		{6D6CC545-1813-4011-BCF2-16C92F602579}.Debug|x86.ActiveCfg = Debug|Win32
		{6D6CC545-1813-4011-BCF2-16C92F602579}.Debug|x86.Build.0 = Debug|Win32
		{6D6CC545-1813-4011-BCF2-16C92F602579}.Release|x64.ActiveCfg = Release|x64
		{6D6CC545-1813-4011-BCF2-16C92F602579}.Release|x64.Build.0 = Release|x64
		{6D6CC545-1813-4011-BCF2-16C92F602579}.Release|x86.ActiveCfg = Release|Win32
		{6D6CC545-1813-4011-BCF2-16C92F602579}.Release|x86.Build.0 = Release|Win32
		{A93DB1CD-B281-4718-BE9E-1D8E6D44CD61}.Debug|x64.ActiveCfg = Debug|x64
		{A93DB1CD-B281-4718-BE9E-1D8E6D44CD61}.Debug|x64.Build.0 = Debug|x64
		{A93DB1CD-B281-4718-BE9E-1D8E6D44CD61}.Debug|x86.ActiveCfg = Debug|Win32
		{A93DB1CD-B281-4718-BE9E-1D8E6D44CD61}.Debug|x86.Build.0 = Debug|Win32
		{A93DB1CD-B281-4718-BE9E-1D8E6D44CD61}.Release|x64.ActiveCfg = Release|x64
		{A93DB1CD-B281-4718-BE9E-1D8E6D44CD61}.Release|x64.Build.0 = Release|x64
		{A93DB1CD-B281-4718-BE9E-1D8E6D44CD61}.Release|x86.ActiveCfg = Release|Win32
		{A93DB1CD-B281-4718-BE9E-1D8E6D44CD61}.Release|x86.Build.0 = Release|Win32
		{56C84519-21B9-4879-921D-F33DD7510D35}.Debug|x64.ActiveCfg = Debug|x64
		{56C84519-21B9-4879-921D-F33DD7510D35}.Debug|x64.Build.0 = Debug|x64
		{56C84519-21B9-4879-921D-F33DD7510D35}.Debug|x86.ActiveCfg = Debug|Win32
		{56C84519-21B9-4879-921D-F33DD7510D35}.Debug|x86.Build.0 = Debug|Win32
		{56C84519-21B9-4879-921D-F33DD7510D35}.Release|x64.ActiveCfg = Release|x64
		{56C84519-21B9-4879-921D-F33DD7510D35}.Release|x64.Build.0 = Release|x64
		{56C84519-21B9-4879-921D-F33DD7510D35}.Release|x86.ActiveCfg = Release|Win32
		{56C84519-21B9-4879-921D-F33DD7510D35}.Release|x86.Build.0 = Release|Win32
		{CE190C88-8E33-424D-B64F-76DDCD920338}.Debug|x64.ActiveCfg = Debug|x64
		{CE190C88-8E33-424D-B64F-76DDCD920338}.Debug|x64.Build.0 = Debug|x64
		{CE190C88-8E33-424D-B64F-76DDCD920338}.Debug|x86.ActiveCfg = Debug|Win32
		{CE190C88-8E33-424D-B64F-76DDCD920338}.Debug|x86.Build.0 = Debug|Win32
		{CE190C88-8E33-424D-B64F-76DDCD920338}.Release|x64.ActiveCfg = Release|x64
		{CE190C88-8E33-424D-B64F-76DDCD920338}.Release|x64.Build.0 = Release|x64
		{CE190C88-8E33-424D-B64F-76DDCD920338}.Release|x86.ActiveCfg = Release|Win32
		{CE190C88-8E33-424D-B64F-76DDCD920338}.Release|x86.Build.0 = Release|Win32
	EndGlobalSection
	GlobalSection(SolutionProperties) = preSolution
		HideSolutionNode = FALSE
	EndGlobalSection
	GlobalSection(ExtensibilityGlobals) = postSolution
		SolutionGuid = {072C0FB2-0E87-4D48-AAFD-AB5DF109BF53}
	EndGlobalSection
EndGlobal
